
Microsoft Visual Studio Solution File, Format Version 12.00
# Visual Studio Version 16
VisualStudioVersion = 16.0.30907.101
MinimumVisualStudioVersion = 10.0.40219.1
Project("{FAE04EC0-301F-11D3-BF4B-00C04F79EFBC}") = "OOP9_WindowsForms", "OOP9_WindowsForms.csproj", "{1A918783-F448-4551-BA08-9B67A26351DF}"
EndProject
Global
	GlobalSection(SolutionConfigurationPlatforms) = preSolution
		Debug|Any CPU = Debug|Any CPU
		Release|Any CPU = Release|Any CPU
	EndGlobalSection
	GlobalSection(ProjectConfigurationPlatforms) = postSolution
		{1A918783-F448-4551-BA08-9B67A26351DF}.Debug|Any CPU.ActiveCfg = Debug|Any CPU
		{1A918783-F448-4551-BA08-9B67A26351DF}.Debug|Any CPU.Build.0 = Debug|Any CPU
		{1A918783-F448-4551-BA08-9B67A26351DF}.Release|Any CPU.ActiveCfg = Release|Any CPU
		{1A918783-F448-4551-BA08-9B67A26351DF}.Release|Any CPU.Build.0 = Release|Any CPU
	EndGlobalSection
	GlobalSection(SolutionProperties) = preSolution
		HideSolutionNode = FALSE
	EndGlobalSection
	GlobalSection(ExtensibilityGlobals) = postSolution
		SolutionGuid = {DF79CD0A-AC85-4FAE-AD67-35A199678060}
	EndGlobalSection
EndGlobal
