
Microsoft Visual Studio Solution File, Format Version 12.00
# Visual Studio Version 16
VisualStudioVersion = 16.0.30907.101
MinimumVisualStudioVersion = 10.0.40219.1
Project("{FAE04EC0-301F-11D3-BF4B-00C04F79EFBC}") = "WindowsFormsApp", "WindowsFormsApp.csproj", "{69D8BEF0-ABF0-4F48-8ED6-FDBBB0BDD386}"
EndProject
Global
	GlobalSection(SolutionConfigurationPlatforms) = preSolution
		Debug|Any CPU = Debug|Any CPU
		Release|Any CPU = Release|Any CPU
	EndGlobalSection
	GlobalSection(ProjectConfigurationPlatforms) = postSolution
		{69D8BEF0-ABF0-4F48-8ED6-FDBBB0BDD386}.Debug|Any CPU.ActiveCfg = Debug|Any CPU
		{69D8BEF0-ABF0-4F48-8ED6-FDBBB0BDD386}.Debug|Any CPU.Build.0 = Debug|Any CPU
		{69D8BEF0-ABF0-4F48-8ED6-FDBBB0BDD386}.Release|Any CPU.ActiveCfg = Release|Any CPU
		{69D8BEF0-ABF0-4F48-8ED6-FDBBB0BDD386}.Release|Any CPU.Build.0 = Release|Any CPU
	EndGlobalSection
	GlobalSection(SolutionProperties) = preSolution
		HideSolutionNode = FALSE
	EndGlobalSection
	GlobalSection(ExtensibilityGlobals) = postSolution
		SolutionGuid = {12AA2179-0468-4A80-88F5-3415D6CE8549}
	EndGlobalSection
EndGlobal
